
Microsoft Visual Studio Solution File, Format Version 12.00
# Visual Studio Version 17
VisualStudioVersion = 17.13.35828.75 d17.13
MinimumVisualStudioVersion = 10.0.40219.1
Project("{FAE04EC0-301F-11D3-BF4B-00C04F79EFBC}") = "YonoControl", "YonoControl\YonoControl.csproj", "{C8EC2A11-0A0F-493F-A416-96C93D4E3E0A}"
EndProject
Project("{FAE04EC0-301F-11D3-BF4B-00C04F79EFBC}") = "YonoThemes", "..\YonoThemes\YonoThemes\YonoThemes.csproj", "{430ADF7A-17DA-1C8B-2A9C-4C7F92DCB6C8}"
EndProject
Global
	GlobalSection(SolutionConfigurationPlatforms) = preSolution
		Debug|Any CPU = Debug|Any CPU
		Release|Any CPU = Release|Any CPU
	EndGlobalSection
	GlobalSection(ProjectConfigurationPlatforms) = postSolution
		{C8EC2A11-0A0F-493F-A416-96C93D4E3E0A}.Debug|Any CPU.ActiveCfg = Debug|Any CPU
		{C8EC2A11-0A0F-493F-A416-96C93D4E3E0A}.Debug|Any CPU.Build.0 = Debug|Any CPU
		{C8EC2A11-0A0F-493F-A416-96C93D4E3E0A}.Release|Any CPU.ActiveCfg = Release|Any CPU
		{C8EC2A11-0A0F-493F-A416-96C93D4E3E0A}.Release|Any CPU.Build.0 = Release|Any CPU
		{430ADF7A-17DA-1C8B-2A9C-4C7F92DCB6C8}.Debug|Any CPU.ActiveCfg = Debug|Any CPU
		{430ADF7A-17DA-1C8B-2A9C-4C7F92DCB6C8}.Debug|Any CPU.Build.0 = Debug|Any CPU
		{430ADF7A-17DA-1C8B-2A9C-4C7F92DCB6C8}.Release|Any CPU.ActiveCfg = Release|Any CPU
		{430ADF7A-17DA-1C8B-2A9C-4C7F92DCB6C8}.Release|Any CPU.Build.0 = Release|Any CPU
	EndGlobalSection
	GlobalSection(SolutionProperties) = preSolution
		HideSolutionNode = FALSE
	EndGlobalSection
	GlobalSection(ExtensibilityGlobals) = postSolution
		SolutionGuid = {4F620E09-01F1-4D62-8C6D-1DA0CD09C5AA}
	EndGlobalSection
EndGlobal
